
Microsoft Visual Studio Solution File, Format Version 12.00
# Visual Studio Version 17
VisualStudioVersion = 17.7.34202.233
MinimumVisualStudioVersion = 10.0.40219.1
Project("{9A19103F-16F7-4668-BE54-9A1E7A4F7556}") = "PersonalBudgeterBackend", "PersonalBudgeterBackend\PersonalBudgeterBackend.csproj", "{8C74EAA3-836F-4EB5-B83D-E4F94FC8B1EA}"
EndProject
Project("{FAE04EC0-301F-11D3-BF4B-00C04F79EFBC}") = "PersonalBudgeter.CLI", "PersonalBudgeter.CLI\PersonalBudgeter.CLI.csproj", "{7E619D1E-77FA-4D53-B603-B9FD01B7744A}"
EndProject
Project("{FAE04EC0-301F-11D3-BF4B-00C04F79EFBC}") = "PersonalBudgeter.Domain", "PersonalBudgeter.Domain\PersonalBudgeter.Domain.csproj", "{E528ED30-E2A7-44C2-9BAB-E28697462F21}"
EndProject
Project("{FAE04EC0-301F-11D3-BF4B-00C04F79EFBC}") = "PersonalBudgeter.Infrastructure", "PersonalBudgeter.Infrastructure\PersonalBudgeter.Infrastructure.csproj", "{790C6EFE-9BA6-415A-BBD0-CADD10BD1D49}"
EndProject
Project("{FAE04EC0-301F-11D3-BF4B-00C04F79EFBC}") = "PersonalBudgeter.Application", "PersonalBudgeter.Application\PersonalBudgeter.Application.csproj", "{C7A45A4E-9B51-40A0-9197-FDF754364053}"
EndProject
Global
	GlobalSection(SolutionConfigurationPlatforms) = preSolution
		Debug|Any CPU = Debug|Any CPU
		Release|Any CPU = Release|Any CPU
	EndGlobalSection
	GlobalSection(ProjectConfigurationPlatforms) = postSolution
		{8C74EAA3-836F-4EB5-B83D-E4F94FC8B1EA}.Debug|Any CPU.ActiveCfg = Debug|Any CPU
		{8C74EAA3-836F-4EB5-B83D-E4F94FC8B1EA}.Debug|Any CPU.Build.0 = Debug|Any CPU
		{8C74EAA3-836F-4EB5-B83D-E4F94FC8B1EA}.Release|Any CPU.ActiveCfg = Release|Any CPU
		{8C74EAA3-836F-4EB5-B83D-E4F94FC8B1EA}.Release|Any CPU.Build.0 = Release|Any CPU
		{7E619D1E-77FA-4D53-B603-B9FD01B7744A}.Debug|Any CPU.ActiveCfg = Debug|Any CPU
		{7E619D1E-77FA-4D53-B603-B9FD01B7744A}.Debug|Any CPU.Build.0 = Debug|Any CPU
		{7E619D1E-77FA-4D53-B603-B9FD01B7744A}.Release|Any CPU.ActiveCfg = Release|Any CPU
		{7E619D1E-77FA-4D53-B603-B9FD01B7744A}.Release|Any CPU.Build.0 = Release|Any CPU
		{E528ED30-E2A7-44C2-9BAB-E28697462F21}.Debug|Any CPU.ActiveCfg = Debug|Any CPU
		{E528ED30-E2A7-44C2-9BAB-E28697462F21}.Debug|Any CPU.Build.0 = Debug|Any CPU
		{E528ED30-E2A7-44C2-9BAB-E28697462F21}.Release|Any CPU.ActiveCfg = Release|Any CPU
		{E528ED30-E2A7-44C2-9BAB-E28697462F21}.Release|Any CPU.Build.0 = Release|Any CPU
		{790C6EFE-9BA6-415A-BBD0-CADD10BD1D49}.Debug|Any CPU.ActiveCfg = Debug|Any CPU
		{790C6EFE-9BA6-415A-BBD0-CADD10BD1D49}.Debug|Any CPU.Build.0 = Debug|Any CPU
		{790C6EFE-9BA6-415A-BBD0-CADD10BD1D49}.Release|Any CPU.ActiveCfg = Release|Any CPU
		{790C6EFE-9BA6-415A-BBD0-CADD10BD1D49}.Release|Any CPU.Build.0 = Release|Any CPU
		{C7A45A4E-9B51-40A0-9197-FDF754364053}.Debug|Any CPU.ActiveCfg = Debug|Any CPU
		{C7A45A4E-9B51-40A0-9197-FDF754364053}.Debug|Any CPU.Build.0 = Debug|Any CPU
		{C7A45A4E-9B51-40A0-9197-FDF754364053}.Release|Any CPU.ActiveCfg = Release|Any CPU
		{C7A45A4E-9B51-40A0-9197-FDF754364053}.Release|Any CPU.Build.0 = Release|Any CPU
	EndGlobalSection
	GlobalSection(SolutionProperties) = preSolution
		HideSolutionNode = FALSE
	EndGlobalSection
	GlobalSection(ExtensibilityGlobals) = postSolution
		SolutionGuid = {B90442F7-EE54-47EB-8D88-AA0E1E438240}
	EndGlobalSection
EndGlobal
